{
    "_readme": [
        "This file locks the dependencies of your project to a known state",
        "Read more about it at https://getcomposer.org/doc/01-basic-usage.md#composer-lock-the-lock-file",
        "This file is @generated automatically"
    ],
    "hash": "358cfda16eb1a28e74314dadeb7c1527",
    "content-hash": "ffde09c35404efdde83120ddf3cb78bb",
    "packages": [],
    "packages-dev": [],
    "aliases": [],
    "minimum-stability": "stable",
    "stability-flags": [],
    "prefer-stable": false,
    "prefer-lowest": false,
    "platform": {
        "ext-soap": "*",
        "ext-mbstring": "*"
    },
    "platform-dev": []
}
